# THIS IS AN AUTOGENERATED FILE. DO NOT EDIT THIS FILE DIRECTLY.
# yarn lockfile v1


"@types/node@^7.0.10":
  version "7.10.11"
  resolved "https://registry.yarnpkg.com/@types/node/-/node-7.10.11.tgz#2e533ffcc777d2a6ee8d00b6f82e0cdd3c3781e1"
  integrity sha512-uEqP1HlJFhsgD8DOBFdC72/5selvor0mzdQY97zlyo8Q6qPl849cFBWkNpgTXw3jIvb7iNyWsId51/A8HYKzbQ==

bindings@1.2.x:
  version "1.2.1"
  resolved "https://registry.yarnpkg.com/bindings/-/bindings-1.2.1.tgz#14ad6113812d2d37d72e67b4cacb4bb726505f11"
  integrity sha1-FK1hE4EtLTfXLme0ystLtyZQXxE=

bluetooth-serial-port@^2.2.7:
  version "2.2.7"
  resolved "https://registry.yarnpkg.com/bluetooth-serial-port/-/bluetooth-serial-port-2.2.7.tgz#6a0b09a2bac760e3a4b82e795ae1b1f0d4cda82e"
  integrity sha512-R/ozYD6bUPBaYstowIwPPezZph2zW84Icryh02vVJYQxWuAcigxSoZRljbvp4IEGMWwjREArLQCKxT6B/ME60A==
  dependencies:
    bindings "1.2.x"
    nan latest
    stable "^0.1.8"
  optionalDependencies:
    "@types/node" "^7.0.10"

nan@latest:
  version "2.14.1"
  resolved "https://registry.yarnpkg.com/nan/-/nan-2.14.1.tgz#d7be34dfa3105b91494c3147089315eff8874b01"
  integrity sha512-isWHgVjnFjh2x2yuJ/tj3JbwoHu3UC2dX5G/88Cm24yB6YopVgxvBObDY7n5xW6ExmFhJpSEQqFPvq9zaXc8Jw==

readline-sync@^1.4.10:
  version "1.4.10"
  resolved "https://registry.yarnpkg.com/readline-sync/-/readline-sync-1.4.10.tgz#41df7fbb4b6312d673011594145705bf56d8873b"
  integrity sha512-gNva8/6UAe8QYepIQH/jQ2qn91Qj0B9sYjMBBs3QOB8F2CXcKgLxQaJRP76sWVRQt+QU+8fAkCbCvjjMFu7Ycw==

stable@^0.1.8:
  version "0.1.8"
  resolved "https://registry.yarnpkg.com/stable/-/stable-0.1.8.tgz#836eb3c8382fe2936feaf544631017ce7d47a3cf"
  integrity sha512-ji9qxRnOVfcuLDySj9qzhGSEFVobyt1kIOSkj1qZzYLzq7Tos/oUUWvotUPQLlrsidqsK6tBH89Bc9kL5zHA6w==
